
Microsoft Visual Studio Solution File, Format Version 12.00
# Visual Studio Version 17
VisualStudioVersion = 17.11.35327.3
MinimumVisualStudioVersion = 10.0.40219.1
Project("{FAE04EC0-301F-11D3-BF4B-00C04F79EFBC}") = "ADO01Project", "ADO01Project\ADO01Project.csproj", "{17E2BA1D-A129-4CBF-A882-DFD1177BC462}"
EndProject
Global
	GlobalSection(SolutionConfigurationPlatforms) = preSolution
		Debug|Any CPU = Debug|Any CPU
		Release|Any CPU = Release|Any CPU
	EndGlobalSection
	GlobalSection(ProjectConfigurationPlatforms) = postSolution
		{17E2BA1D-A129-4CBF-A882-DFD1177BC462}.Debug|Any CPU.ActiveCfg = Debug|Any CPU
		{17E2BA1D-A129-4CBF-A882-DFD1177BC462}.Debug|Any CPU.Build.0 = Debug|Any CPU
		{17E2BA1D-A129-4CBF-A882-DFD1177BC462}.Release|Any CPU.ActiveCfg = Release|Any CPU
		{17E2BA1D-A129-4CBF-A882-DFD1177BC462}.Release|Any CPU.Build.0 = Release|Any CPU
	EndGlobalSection
	GlobalSection(SolutionProperties) = preSolution
		HideSolutionNode = FALSE
	EndGlobalSection
	GlobalSection(ExtensibilityGlobals) = postSolution
		SolutionGuid = {19F5FCE0-0C86-434C-ADA6-DC80F8C9F424}
	EndGlobalSection
EndGlobal
