
Microsoft Visual Studio Solution File, Format Version 12.00
# Visual Studio Version 17
VisualStudioVersion = 17.11.35327.3
MinimumVisualStudioVersion = 10.0.40219.1
Project("{FAE04EC0-301F-11D3-BF4B-00C04F79EFBC}") = "EFDemo01", "EFDemo01\EFDemo01.csproj", "{0B1F501D-C881-45AB-9A0D-B98FA4FF5517}"
EndProject
Global
	GlobalSection(SolutionConfigurationPlatforms) = preSolution
		Debug|Any CPU = Debug|Any CPU
		Release|Any CPU = Release|Any CPU
	EndGlobalSection
	GlobalSection(ProjectConfigurationPlatforms) = postSolution
		{0B1F501D-C881-45AB-9A0D-B98FA4FF5517}.Debug|Any CPU.ActiveCfg = Debug|Any CPU
		{0B1F501D-C881-45AB-9A0D-B98FA4FF5517}.Debug|Any CPU.Build.0 = Debug|Any CPU
		{0B1F501D-C881-45AB-9A0D-B98FA4FF5517}.Release|Any CPU.ActiveCfg = Release|Any CPU
		{0B1F501D-C881-45AB-9A0D-B98FA4FF5517}.Release|Any CPU.Build.0 = Release|Any CPU
	EndGlobalSection
	GlobalSection(SolutionProperties) = preSolution
		HideSolutionNode = FALSE
	EndGlobalSection
	GlobalSection(ExtensibilityGlobals) = postSolution
		SolutionGuid = {F8FF1722-7590-4B08-9367-00CC611640DA}
	EndGlobalSection
EndGlobal
